
Microsoft Visual Studio Solution File, Format Version 12.00
# Visual Studio Version 16
VisualStudioVersion = 16.0.32428.217
MinimumVisualStudioVersion = 10.0.40219.1
Project("{FAE04EC0-301F-11D3-BF4B-00C04F79EFBC}") = "UrnaEletronica", "UrnaEletronica\UrnaEletronica.csproj", "{1B9CA7B8-77CC-4004-9ACF-BB7CC2367A43}"
EndProject
Global
	GlobalSection(SolutionConfigurationPlatforms) = preSolution
		Debug|Any CPU = Debug|Any CPU
		Release|Any CPU = Release|Any CPU
	EndGlobalSection
	GlobalSection(ProjectConfigurationPlatforms) = postSolution
		{1B9CA7B8-77CC-4004-9ACF-BB7CC2367A43}.Debug|Any CPU.ActiveCfg = Debug|Any CPU
		{1B9CA7B8-77CC-4004-9ACF-BB7CC2367A43}.Debug|Any CPU.Build.0 = Debug|Any CPU
		{1B9CA7B8-77CC-4004-9ACF-BB7CC2367A43}.Release|Any CPU.ActiveCfg = Release|Any CPU
		{1B9CA7B8-77CC-4004-9ACF-BB7CC2367A43}.Release|Any CPU.Build.0 = Release|Any CPU
	EndGlobalSection
	GlobalSection(SolutionProperties) = preSolution
		HideSolutionNode = FALSE
	EndGlobalSection
	GlobalSection(ExtensibilityGlobals) = postSolution
		SolutionGuid = {8D4335BF-ED69-46A2-8ABD-611DE16603CB}
	EndGlobalSection
EndGlobal
